
Microsoft Visual Studio Solution File, Format Version 12.00
# Visual Studio 2012
Project("{FAE04EC0-301F-11D3-BF4B-00C04F79EFBC}") = "MemoryIssues", "MemoryIssues\MemoryIssues.csproj", "{211C4523-7357-465C-A273-89A48581656E}"
EndProject
Global
	GlobalSection(SolutionConfigurationPlatforms) = preSolution
		Debug|Any CPU = Debug|Any CPU
		Release|Any CPU = Release|Any CPU
	EndGlobalSection
	GlobalSection(ProjectConfigurationPlatforms) = postSolution
		{211C4523-7357-465C-A273-89A48581656E}.Debug|Any CPU.ActiveCfg = Debug|Any CPU
		{211C4523-7357-465C-A273-89A48581656E}.Debug|Any CPU.Build.0 = Debug|Any CPU
		{211C4523-7357-465C-A273-89A48581656E}.Release|Any CPU.ActiveCfg = Release|Any CPU
		{211C4523-7357-465C-A273-89A48581656E}.Release|Any CPU.Build.0 = Release|Any CPU
	EndGlobalSection
	GlobalSection(SolutionProperties) = preSolution
		HideSolutionNode = FALSE
	EndGlobalSection
EndGlobal
