
Microsoft Visual Studio Solution File, Format Version 11.00
# Visual Studio 2010
Project("{FAE04EC0-301F-11D3-BF4B-00C04F79EFBC}") = "AspnetCompilationMode", "AspnetCompilationMode\AspnetCompilationMode.csproj", "{8A5000CD-033E-4A3D-969C-8DDF95B21056}"
EndProject
Global
	GlobalSection(SolutionConfigurationPlatforms) = preSolution
		Debug|Any CPU = Debug|Any CPU
		Release|Any CPU = Release|Any CPU
	EndGlobalSection
	GlobalSection(ProjectConfigurationPlatforms) = postSolution
		{8A5000CD-033E-4A3D-969C-8DDF95B21056}.Debug|Any CPU.ActiveCfg = Debug|Any CPU
		{8A5000CD-033E-4A3D-969C-8DDF95B21056}.Debug|Any CPU.Build.0 = Debug|Any CPU
		{8A5000CD-033E-4A3D-969C-8DDF95B21056}.Release|Any CPU.ActiveCfg = Release|Any CPU
		{8A5000CD-033E-4A3D-969C-8DDF95B21056}.Release|Any CPU.Build.0 = Release|Any CPU
	EndGlobalSection
	GlobalSection(SolutionProperties) = preSolution
		HideSolutionNode = FALSE
	EndGlobalSection
EndGlobal
